
Microsoft Visual Studio Solution File, Format Version 12.00
# Visual Studio Version 16
VisualStudioVersion = 16.0.31129.286
MinimumVisualStudioVersion = 10.0.40219.1
Project("{FAE04EC0-301F-11D3-BF4B-00C04F79EFBC}") = "elte_szimulacio_keret", "elte_szimulacio_keret\elte_szimulacio_keret.csproj", "{E9D6FE99-FFE0-40E4-877A-F2CD6ABEC92A}"
EndProject
Global
	GlobalSection(SolutionConfigurationPlatforms) = preSolution
		Debug|Any CPU = Debug|Any CPU
		Release|Any CPU = Release|Any CPU
	EndGlobalSection
	GlobalSection(ProjectConfigurationPlatforms) = postSolution
		{E9D6FE99-FFE0-40E4-877A-F2CD6ABEC92A}.Debug|Any CPU.ActiveCfg = Debug|Any CPU
		{E9D6FE99-FFE0-40E4-877A-F2CD6ABEC92A}.Debug|Any CPU.Build.0 = Debug|Any CPU
		{E9D6FE99-FFE0-40E4-877A-F2CD6ABEC92A}.Release|Any CPU.ActiveCfg = Release|Any CPU
		{E9D6FE99-FFE0-40E4-877A-F2CD6ABEC92A}.Release|Any CPU.Build.0 = Release|Any CPU
	EndGlobalSection
	GlobalSection(SolutionProperties) = preSolution
		HideSolutionNode = FALSE
	EndGlobalSection
	GlobalSection(ExtensibilityGlobals) = postSolution
		SolutionGuid = {304C8789-ABA8-440E-9ED1-4189DB241E26}
	EndGlobalSection
EndGlobal
